
Microsoft Visual Studio Solution File, Format Version 12.00
# Visual Studio Version 16
VisualStudioVersion = 16.0.31205.134
MinimumVisualStudioVersion = 10.0.40219.1
Project("{9A19103F-16F7-4668-BE54-9A1E7A4F7556}") = "Domain", "Domain\Domain.csproj", "{1C4A5CAE-D53F-4048-B2D6-EEFE3904AEA2}"
EndProject
Project("{9A19103F-16F7-4668-BE54-9A1E7A4F7556}") = "Infrastructure", "Infrastructure\Infrastructure.csproj", "{8EFE6E8F-01E0-436A-BD2E-7693C217EF40}"
EndProject
Project("{9A19103F-16F7-4668-BE54-9A1E7A4F7556}") = "WebApi", "WebApi\WebApi.csproj", "{4C879BFD-EAE4-4EF9-8BB3-3274EC22835E}"
EndProject
Project("{FAE04EC0-301F-11D3-BF4B-00C04F79EFBC}") = "ImportPrograms", "ImportPrograms\ImportPrograms.csproj", "{14AFE753-86A2-4ED1-8C88-813AB88BE4C9}"
EndProject
Global
	GlobalSection(SolutionConfigurationPlatforms) = preSolution
		Debug|Any CPU = Debug|Any CPU
		Release|Any CPU = Release|Any CPU
	EndGlobalSection
	GlobalSection(ProjectConfigurationPlatforms) = postSolution
		{1C4A5CAE-D53F-4048-B2D6-EEFE3904AEA2}.Debug|Any CPU.ActiveCfg = Debug|Any CPU
		{1C4A5CAE-D53F-4048-B2D6-EEFE3904AEA2}.Debug|Any CPU.Build.0 = Debug|Any CPU
		{1C4A5CAE-D53F-4048-B2D6-EEFE3904AEA2}.Release|Any CPU.ActiveCfg = Release|Any CPU
		{1C4A5CAE-D53F-4048-B2D6-EEFE3904AEA2}.Release|Any CPU.Build.0 = Release|Any CPU
		{8EFE6E8F-01E0-436A-BD2E-7693C217EF40}.Debug|Any CPU.ActiveCfg = Debug|Any CPU
		{8EFE6E8F-01E0-436A-BD2E-7693C217EF40}.Debug|Any CPU.Build.0 = Debug|Any CPU
		{8EFE6E8F-01E0-436A-BD2E-7693C217EF40}.Release|Any CPU.ActiveCfg = Release|Any CPU
		{8EFE6E8F-01E0-436A-BD2E-7693C217EF40}.Release|Any CPU.Build.0 = Release|Any CPU
		{4C879BFD-EAE4-4EF9-8BB3-3274EC22835E}.Debug|Any CPU.ActiveCfg = Debug|Any CPU
		{4C879BFD-EAE4-4EF9-8BB3-3274EC22835E}.Debug|Any CPU.Build.0 = Debug|Any CPU
		{4C879BFD-EAE4-4EF9-8BB3-3274EC22835E}.Release|Any CPU.ActiveCfg = Release|Any CPU
		{4C879BFD-EAE4-4EF9-8BB3-3274EC22835E}.Release|Any CPU.Build.0 = Release|Any CPU
		{14AFE753-86A2-4ED1-8C88-813AB88BE4C9}.Debug|Any CPU.ActiveCfg = Debug|Any CPU
		{14AFE753-86A2-4ED1-8C88-813AB88BE4C9}.Debug|Any CPU.Build.0 = Debug|Any CPU
		{14AFE753-86A2-4ED1-8C88-813AB88BE4C9}.Release|Any CPU.ActiveCfg = Release|Any CPU
		{14AFE753-86A2-4ED1-8C88-813AB88BE4C9}.Release|Any CPU.Build.0 = Release|Any CPU
	EndGlobalSection
	GlobalSection(SolutionProperties) = preSolution
		HideSolutionNode = FALSE
	EndGlobalSection
	GlobalSection(ExtensibilityGlobals) = postSolution
		SolutionGuid = {B659B03D-2F6C-4E8D-AA27-FFBCF0D3919D}
	EndGlobalSection
EndGlobal
